// !$*UTF8*$!
{
	archiveVersion = 1;
	classes = {
	};
	objectVersion = 46;
	objects = {

/* Begin PBXBuildFile section */
		9E7AE8FD1AA7B86100D8415A /* hw4.cpp in Sources */ = {isa = PBXBuildFile; fileRef = 9E7AE8FC1AA7B86100D8415A /* hw4.cpp */; };
		9E7AE9051AA7B87D00D8415A /* drainage.cpp in Sources */ = {isa = PBXBuildFile; fileRef = 9E7AE9031AA7B87D00D8415A /* drainage.cpp */; };
/* End PBXBuildFile section */

/* Begin PBXCopyFilesBuildPhase section */
		9E7AE8F71AA7B86100D8415A /* CopyFiles */ = {
			isa = PBXCopyFilesBuildPhase;
			buildActionMask = 2147483647;
			dstPath = /usr/share/man/man1/;
			dstSubfolderSpec = 0;
			files = (
			);
			runOnlyForDeploymentPostprocessing = 1;
		};
		9E7AE9061AA7C32000D8415A /* Copy Files */ = {
			isa = PBXCopyFilesBuildPhase;
			buildActionMask = 2147483647;
			dstPath = LoremIpsum.txt;
			dstSubfolderSpec = 7;
			files = (
			);
			name = "Copy Files";
			runOnlyForDeploymentPostprocessing = 0;
		};
		9E7AE9071AA7C32900D8415A /* CopyFiles */ = {
			isa = PBXCopyFilesBuildPhase;
			buildActionMask = 2147483647;
			dstPath = "";
			dstSubfolderSpec = 7;
			files = (
			);
			runOnlyForDeploymentPostprocessing = 0;
		};
/* End PBXCopyFilesBuildPhase section */

/* Begin PBXFileReference section */
		9E7AE8F91AA7B86100D8415A /* CS4102 */ = {isa = PBXFileReference; explicitFileType = "compiled.mach-o.executable"; includeInIndex = 0; path = CS4102; sourceTree = BUILT_PRODUCTS_DIR; };
		9E7AE8FC1AA7B86100D8415A /* hw4.cpp */ = {isa = PBXFileReference; lastKnownFileType = sourcecode.cpp.cpp; path = hw4.cpp; sourceTree = "<group>"; };
		9E7AE9031AA7B87D00D8415A /* drainage.cpp */ = {isa = PBXFileReference; fileEncoding = 4; lastKnownFileType = sourcecode.cpp.cpp; path = drainage.cpp; sourceTree = "<group>"; };
		9E7AE9041AA7B87D00D8415A /* drainage.h */ = {isa = PBXFileReference; fileEncoding = 4; lastKnownFileType = sourcecode.c.h; path = drainage.h; sourceTree = "<group>"; };
/* End PBXFileReference section */

/* Begin PBXFrameworksBuildPhase section */
		9E7AE8F61AA7B86100D8415A /* Frameworks */ = {
			isa = PBXFrameworksBuildPhase;
			buildActionMask = 2147483647;
			files = (
			);
			runOnlyForDeploymentPostprocessing = 0;
		};
/* End PBXFrameworksBuildPhase section */

/* Begin PBXGroup section */
		9E7AE8F01AA7B86100D8415A = {
			isa = PBXGroup;
			children = (
				9E7AE8FB1AA7B86100D8415A /* CS4102 */,
				9E7AE8FA1AA7B86100D8415A /* Products */,
			);
			sourceTree = "<group>";
		};
		9E7AE8FA1AA7B86100D8415A /* Products */ = {
			isa = PBXGroup;
			children = (
				9E7AE8F91AA7B86100D8415A /* CS4102 */,
			);
			name = Products;
			sourceTree = "<group>";
		};
		9E7AE8FB1AA7B86100D8415A /* CS4102 */ = {
			isa = PBXGroup;
			children = (
				9E7AE8FC1AA7B86100D8415A /* hw4.cpp */,
				9E7AE9031AA7B87D00D8415A /* drainage.cpp */,
				9E7AE9041AA7B87D00D8415A /* drainage.h */,
			);
			path = CS4102;
			sourceTree = "<group>";
		};
/* End PBXGroup section */

/* Begin PBXNativeTarget section */
		9E7AE8F81AA7B86100D8415A /* CS4102 */ = {
			isa = PBXNativeTarget;
			buildConfigurationList = 9E7AE9001AA7B86100D8415A /* Build configuration list for PBXNativeTarget "CS4102" */;
			buildPhases = (
				9E7AE8F51AA7B86100D8415A /* Sources */,
				9E7AE8F61AA7B86100D8415A /* Frameworks */,
				9E7AE8F71AA7B86100D8415A /* CopyFiles */,
				9E7AE9061AA7C32000D8415A /* Copy Files */,
				9E7AE9071AA7C32900D8415A /* CopyFiles */,
			);
			buildRules = (
			);
			dependencies = (
			);
			name = CS4102;
			productName = CS4102;
			productReference = 9E7AE8F91AA7B86100D8415A /* CS4102 */;
			productType = "com.apple.product-type.tool";
		};
/* End PBXNativeTarget section */

/* Begin PBXProject section */
		9E7AE8F11AA7B86100D8415A /* Project object */ = {
			isa = PBXProject;
			attributes = {
				LastUpgradeCheck = 0610;
				ORGANIZATIONNAME = "Brian Aguirre";
				TargetAttributes = {
					9E7AE8F81AA7B86100D8415A = {
						CreatedOnToolsVersion = 6.1.1;
					};
				};
			};
			buildConfigurationList = 9E7AE8F41AA7B86100D8415A /* Build configuration list for PBXProject "CS4102" */;
			compatibilityVersion = "Xcode 3.2";
			developmentRegion = English;
			hasScannedForEncodings = 0;
			knownRegions = (
				en,
			);
			mainGroup = 9E7AE8F01AA7B86100D8415A;
			productRefGroup = 9E7AE8FA1AA7B86100D8415A /* Products */;
			projectDirPath = "";
			projectRoot = "";
			targets = (
				9E7AE8F81AA7B86100D8415A /* CS4102 */,
			);
		};
/* End PBXProject section */

/* Begin PBXSourcesBuildPhase section */
		9E7AE8F51AA7B86100D8415A /* Sources */ = {
			isa = PBXSourcesBuildPhase;
			buildActionMask = 2147483647;
			files = (
				9E7AE9051AA7B87D00D8415A /* drainage.cpp in Sources */,
				9E7AE8FD1AA7B86100D8415A /* hw4.cpp in Sources */,
			);
			runOnlyForDeploymentPostprocessing = 0;
		};
/* End PBXSourcesBuildPhase section */

/* Begin XCBuildConfiguration section */
		9E7AE8FE1AA7B86100D8415A /* Debug */ = {
			isa = XCBuildConfiguration;
			buildSettings = {
				ALWAYS_SEARCH_USER_PATHS = NO;
				CLANG_CXX_LANGUAGE_STANDARD = "gnu++0x";
				CLANG_CXX_LIBRARY = "libc++";
				CLANG_ENABLE_MODULES = YES;
				CLANG_ENABLE_OBJC_ARC = YES;
				CLANG_WARN_BOOL_CONVERSION = YES;
				CLANG_WARN_CONSTANT_CONVERSION = YES;
				CLANG_WARN_DIRECT_OBJC_ISA_USAGE = YES_ERROR;
				CLANG_WARN_EMPTY_BODY = YES;
				CLANG_WARN_ENUM_CONVERSION = YES;
				CLANG_WARN_INT_CONVERSION = YES;
				CLANG_WARN_OBJC_ROOT_CLASS = YES_ERROR;
				CLANG_WARN_UNREACHABLE_CODE = YES;
				CLANG_WARN__DUPLICATE_METHOD_MATCH = YES;
				COPY_PHASE_STRIP = NO;
				ENABLE_STRICT_OBJC_MSGSEND = YES;
				GCC_C_LANGUAGE_STANDARD = gnu99;
				GCC_DYNAMIC_NO_PIC = NO;
				GCC_OPTIMIZATION_LEVEL = 0;
				GCC_PREPROCESSOR_DEFINITIONS = (
					"DEBUG=1",
					"$(inherited)",
				);
				GCC_SYMBOLS_PRIVATE_EXTERN = NO;
				GCC_WARN_64_TO_32_BIT_CONVERSION = YES;
				GCC_WARN_ABOUT_RETURN_TYPE = YES_ERROR;
				GCC_WARN_UNDECLARED_SELECTOR = YES;
				GCC_WARN_UNINITIALIZED_AUTOS = YES_AGGRESSIVE;
				GCC_WARN_UNUSED_FUNCTION = YES;
				GCC_WARN_UNUSED_VARIABLE = YES;
				MACOSX_DEPLOYMENT_TARGET = 10.10;
				MTL_ENABLE_DEBUG_INFO = YES;
				ONLY_ACTIVE_ARCH = YES;
				SDKROOT = macosx;
			};
			name = Debug;
		};
		9E7AE8FF1AA7B86100D8415A /* Release */ = {
			isa = XCBuildConfiguration;
			buildSettings = {
				ALWAYS_SEARCH_USER_PATHS = NO;
				CLANG_CXX_LANGUAGE_STANDARD = "gnu++0x";
				CLANG_CXX_LIBRARY = "libc++";
				CLANG_ENABLE_MODULES = YES;
				CLANG_ENABLE_OBJC_ARC = YES;
				CLANG_WARN_BOOL_CONVERSION = YES;
				CLANG_WARN_CONSTANT_CONVERSION = YES;
				CLANG_WARN_DIRECT_OBJC_ISA_USAGE = YES_ERROR;
				CLANG_WARN_EMPTY_BODY = YES;
				CLANG_WARN_ENUM_CONVERSION = YES;
				CLANG_WARN_INT_CONVERSION = YES;
				CLANG_WARN_OBJC_ROOT_CLASS = YES_ERROR;
				CLANG_WARN_UNREACHABLE_CODE = YES;
				CLANG_WARN__DUPLICATE_METHOD_MATCH = YES;
				COPY_PHASE_STRIP = YES;
				DEBUG_INFORMATION_FORMAT = "dwarf-with-dsym";
				ENABLE_NS_ASSERTIONS = NO;
				ENABLE_STRICT_OBJC_MSGSEND = YES;
				GCC_C_LANGUAGE_STANDARD = gnu99;
				GCC_WARN_64_TO_32_BIT_CONVERSION = YES;
				GCC_WARN_ABOUT_RETURN_TYPE = YES_ERROR;
				GCC_WARN_UNDECLARED_SELECTOR = YES;
				GCC_WARN_UNINITIALIZED_AUTOS = YES_AGGRESSIVE;
				GCC_WARN_UNUSED_FUNCTION = YES;
				GCC_WARN_UNUSED_VARIABLE = YES;
				MACOSX_DEPLOYMENT_TARGET = 10.10;
				MTL_ENABLE_DEBUG_INFO = NO;
				SDKROOT = macosx;
			};
			name = Release;
		};
		9E7AE9011AA7B86100D8415A /* Debug */ = {
			isa = XCBuildConfiguration;
			buildSettings = {
				PRODUCT_NAME = "$(TARGET_NAME)";
			};
			name = Debug;
		};
		9E7AE9021AA7B86100D8415A /* Release */ = {
			isa = XCBuildConfiguration;
			buildSettings = {
				PRODUCT_NAME = "$(TARGET_NAME)";
			};
			name = Release;
		};
/* End XCBuildConfiguration section */

/* Begin XCConfigurationList section */
		9E7AE8F41AA7B86100D8415A /* Build configuration list for PBXProject "CS4102" */ = {
			isa = XCConfigurationList;
			buildConfigurations = (
				9E7AE8FE1AA7B86100D8415A /* Debug */,
				9E7AE8FF1AA7B86100D8415A /* Release */,
			);
			defaultConfigurationIsVisible = 0;
			defaultConfigurationName = Release;
		};
		9E7AE9001AA7B86100D8415A /* Build configuration list for PBXNativeTarget "CS4102" */ = {
			isa = XCConfigurationList;
			buildConfigurations = (
				9E7AE9011AA7B86100D8415A /* Debug */,
				9E7AE9021AA7B86100D8415A /* Release */,
			);
			defaultConfigurationIsVisible = 0;
			defaultConfigurationName = Release;
		};
/* End XCConfigurationList section */
	};
	rootObject = 9E7AE8F11AA7B86100D8415A /* Project object */;
}
